// !$*UTF8*$!
{
	archiveVersion = 1;
	classes = {
	};
	objectVersion = 46;
	objects = {

/* Begin PBXBuildFile section */
		72DDF4A91F66EFCE00B90A5C /* main.cpp in Sources */ = {isa = PBXBuildFile; fileRef = 72DDF4A81F66EFCE00B90A5C /* main.cpp */; };
		72DDF4B21F68C89200B90A5C /* Longana.cpp in Sources */ = {isa = PBXBuildFile; fileRef = 72DDF4B01F68C89200B90A5C /* Longana.cpp */; };
		72DDF4B51F68C94A00B90A5C /* Tournament.cpp in Sources */ = {isa = PBXBuildFile; fileRef = 72DDF4B31F68C94A00B90A5C /* Tournament.cpp */; };
		72DDF4B81F68C9DD00B90A5C /* Round.cpp in Sources */ = {isa = PBXBuildFile; fileRef = 72DDF4B61F68C9DD00B90A5C /* Round.cpp */; };
		72DDF4BB1F68CA0900B90A5C /* Player.cpp in Sources */ = {isa = PBXBuildFile; fileRef = 72DDF4B91F68CA0900B90A5C /* Player.cpp */; };
		72DDF4BE1F68CA3400B90A5C /* Human.cpp in Sources */ = {isa = PBXBuildFile; fileRef = 72DDF4BC1F68CA3400B90A5C /* Human.cpp */; };
		72DDF4C11F68CA9D00B90A5C /* Computer.cpp in Sources */ = {isa = PBXBuildFile; fileRef = 72DDF4BF1F68CA9D00B90A5C /* Computer.cpp */; };
		72DDF4C41F68CAD900B90A5C /* Hand.cpp in Sources */ = {isa = PBXBuildFile; fileRef = 72DDF4C21F68CAD900B90A5C /* Hand.cpp */; };
		72DDF4C71F68CB0700B90A5C /* Stock.cpp in Sources */ = {isa = PBXBuildFile; fileRef = 72DDF4C51F68CB0700B90A5C /* Stock.cpp */; };
		72DDF4CB1F68DA7500B90A5C /* LayoutView.cpp in Sources */ = {isa = PBXBuildFile; fileRef = 72DDF4C91F68DA7500B90A5C /* LayoutView.cpp */; };
/* End PBXBuildFile section */

/* Begin PBXCopyFilesBuildPhase section */
		72DDF4A31F66EFCE00B90A5C /* CopyFiles */ = {
			isa = PBXCopyFilesBuildPhase;
			buildActionMask = 2147483647;
			dstPath = /usr/share/man/man1/;
			dstSubfolderSpec = 0;
			files = (
			);
			runOnlyForDeploymentPostprocessing = 1;
		};
/* End PBXCopyFilesBuildPhase section */

/* Begin PBXFileReference section */
		72DDF4A51F66EFCE00B90A5C /* Longana */ = {isa = PBXFileReference; explicitFileType = "compiled.mach-o.executable"; includeInIndex = 0; path = Longana; sourceTree = BUILT_PRODUCTS_DIR; };
		72DDF4A81F66EFCE00B90A5C /* main.cpp */ = {isa = PBXFileReference; lastKnownFileType = sourcecode.cpp.cpp; path = main.cpp; sourceTree = "<group>"; };
		72DDF4B01F68C89200B90A5C /* Longana.cpp */ = {isa = PBXFileReference; fileEncoding = 4; lastKnownFileType = sourcecode.cpp.cpp; path = Longana.cpp; sourceTree = "<group>"; };
		72DDF4B11F68C89200B90A5C /* Longana.hpp */ = {isa = PBXFileReference; fileEncoding = 4; lastKnownFileType = sourcecode.cpp.h; path = Longana.hpp; sourceTree = "<group>"; };
		72DDF4B31F68C94A00B90A5C /* Tournament.cpp */ = {isa = PBXFileReference; fileEncoding = 4; lastKnownFileType = sourcecode.cpp.cpp; path = Tournament.cpp; sourceTree = "<group>"; };
		72DDF4B41F68C94A00B90A5C /* Tournament.hpp */ = {isa = PBXFileReference; fileEncoding = 4; lastKnownFileType = sourcecode.cpp.h; path = Tournament.hpp; sourceTree = "<group>"; };
		72DDF4B61F68C9DD00B90A5C /* Round.cpp */ = {isa = PBXFileReference; fileEncoding = 4; lastKnownFileType = sourcecode.cpp.cpp; path = Round.cpp; sourceTree = "<group>"; };
		72DDF4B71F68C9DD00B90A5C /* Round.hpp */ = {isa = PBXFileReference; fileEncoding = 4; lastKnownFileType = sourcecode.cpp.h; path = Round.hpp; sourceTree = "<group>"; };
		72DDF4B91F68CA0900B90A5C /* Player.cpp */ = {isa = PBXFileReference; fileEncoding = 4; lastKnownFileType = sourcecode.cpp.cpp; path = Player.cpp; sourceTree = "<group>"; };
		72DDF4BA1F68CA0900B90A5C /* Player.hpp */ = {isa = PBXFileReference; fileEncoding = 4; lastKnownFileType = sourcecode.cpp.h; path = Player.hpp; sourceTree = "<group>"; };
		72DDF4BC1F68CA3400B90A5C /* Human.cpp */ = {isa = PBXFileReference; fileEncoding = 4; lastKnownFileType = sourcecode.cpp.cpp; path = Human.cpp; sourceTree = "<group>"; };
		72DDF4BD1F68CA3400B90A5C /* Human.hpp */ = {isa = PBXFileReference; fileEncoding = 4; lastKnownFileType = sourcecode.cpp.h; path = Human.hpp; sourceTree = "<group>"; };
		72DDF4BF1F68CA9D00B90A5C /* Computer.cpp */ = {isa = PBXFileReference; fileEncoding = 4; lastKnownFileType = sourcecode.cpp.cpp; path = Computer.cpp; sourceTree = "<group>"; };
		72DDF4C01F68CA9D00B90A5C /* Computer.hpp */ = {isa = PBXFileReference; fileEncoding = 4; lastKnownFileType = sourcecode.cpp.h; path = Computer.hpp; sourceTree = "<group>"; };
		72DDF4C21F68CAD900B90A5C /* Hand.cpp */ = {isa = PBXFileReference; fileEncoding = 4; lastKnownFileType = sourcecode.cpp.cpp; path = Hand.cpp; sourceTree = "<group>"; };
		72DDF4C31F68CAD900B90A5C /* Hand.hpp */ = {isa = PBXFileReference; fileEncoding = 4; lastKnownFileType = sourcecode.cpp.h; path = Hand.hpp; sourceTree = "<group>"; };
		72DDF4C51F68CB0700B90A5C /* Stock.cpp */ = {isa = PBXFileReference; fileEncoding = 4; lastKnownFileType = sourcecode.cpp.cpp; path = Stock.cpp; sourceTree = "<group>"; };
		72DDF4C61F68CB0700B90A5C /* Stock.hpp */ = {isa = PBXFileReference; fileEncoding = 4; lastKnownFileType = sourcecode.cpp.h; path = Stock.hpp; sourceTree = "<group>"; };
		72DDF4C81F68CDCC00B90A5C /* GlobalImports.h */ = {isa = PBXFileReference; lastKnownFileType = sourcecode.c.h; path = GlobalImports.h; sourceTree = "<group>"; };
		72DDF4C91F68DA7500B90A5C /* LayoutView.cpp */ = {isa = PBXFileReference; fileEncoding = 4; lastKnownFileType = sourcecode.cpp.cpp; path = LayoutView.cpp; sourceTree = "<group>"; };
		72DDF4CA1F68DA7500B90A5C /* LayoutView.hpp */ = {isa = PBXFileReference; fileEncoding = 4; lastKnownFileType = sourcecode.cpp.h; path = LayoutView.hpp; sourceTree = "<group>"; };
/* End PBXFileReference section */

/* Begin PBXFrameworksBuildPhase section */
		72DDF4A21F66EFCE00B90A5C /* Frameworks */ = {
			isa = PBXFrameworksBuildPhase;
			buildActionMask = 2147483647;
			files = (
			);
			runOnlyForDeploymentPostprocessing = 0;
		};
/* End PBXFrameworksBuildPhase section */

/* Begin PBXGroup section */
		72DDF49C1F66EFCE00B90A5C = {
			isa = PBXGroup;
			children = (
				72DDF4A71F66EFCE00B90A5C /* Longana */,
				72DDF4A61F66EFCE00B90A5C /* Products */,
			);
			sourceTree = "<group>";
		};
		72DDF4A61F66EFCE00B90A5C /* Products */ = {
			isa = PBXGroup;
			children = (
				72DDF4A51F66EFCE00B90A5C /* Longana */,
			);
			name = Products;
			sourceTree = "<group>";
		};
		72DDF4A71F66EFCE00B90A5C /* Longana */ = {
			isa = PBXGroup;
			children = (
				72DDF4A81F66EFCE00B90A5C /* main.cpp */,
				72DDF4B01F68C89200B90A5C /* Longana.cpp */,
				72DDF4B11F68C89200B90A5C /* Longana.hpp */,
				72DDF4B31F68C94A00B90A5C /* Tournament.cpp */,
				72DDF4B41F68C94A00B90A5C /* Tournament.hpp */,
				72DDF4B61F68C9DD00B90A5C /* Round.cpp */,
				72DDF4B71F68C9DD00B90A5C /* Round.hpp */,
				72DDF4B91F68CA0900B90A5C /* Player.cpp */,
				72DDF4BA1F68CA0900B90A5C /* Player.hpp */,
				72DDF4BC1F68CA3400B90A5C /* Human.cpp */,
				72DDF4BD1F68CA3400B90A5C /* Human.hpp */,
				72DDF4BF1F68CA9D00B90A5C /* Computer.cpp */,
				72DDF4C01F68CA9D00B90A5C /* Computer.hpp */,
				72DDF4C21F68CAD900B90A5C /* Hand.cpp */,
				72DDF4C31F68CAD900B90A5C /* Hand.hpp */,
				72DDF4C51F68CB0700B90A5C /* Stock.cpp */,
				72DDF4C61F68CB0700B90A5C /* Stock.hpp */,
				72DDF4C81F68CDCC00B90A5C /* GlobalImports.h */,
				72DDF4C91F68DA7500B90A5C /* LayoutView.cpp */,
				72DDF4CA1F68DA7500B90A5C /* LayoutView.hpp */,
			);
			path = Longana;
			sourceTree = "<group>";
		};
/* End PBXGroup section */

/* Begin PBXNativeTarget section */
		72DDF4A41F66EFCE00B90A5C /* Longana */ = {
			isa = PBXNativeTarget;
			buildConfigurationList = 72DDF4AC1F66EFCE00B90A5C /* Build configuration list for PBXNativeTarget "Longana" */;
			buildPhases = (
				72DDF4A11F66EFCE00B90A5C /* Sources */,
				72DDF4A21F66EFCE00B90A5C /* Frameworks */,
				72DDF4A31F66EFCE00B90A5C /* CopyFiles */,
			);
			buildRules = (
			);
			dependencies = (
			);
			name = Longana;
			productName = Longana;
			productReference = 72DDF4A51F66EFCE00B90A5C /* Longana */;
			productType = "com.apple.product-type.tool";
		};
/* End PBXNativeTarget section */

/* Begin PBXProject section */
		72DDF49D1F66EFCE00B90A5C /* Project object */ = {
			isa = PBXProject;
			attributes = {
				LastUpgradeCheck = 0830;
				ORGANIZATIONNAME = "Bishal Regmi";
				TargetAttributes = {
					72DDF4A41F66EFCE00B90A5C = {
						CreatedOnToolsVersion = 8.3.3;
						ProvisioningStyle = Automatic;
					};
				};
			};
			buildConfigurationList = 72DDF4A01F66EFCE00B90A5C /* Build configuration list for PBXProject "Longana" */;
			compatibilityVersion = "Xcode 3.2";
			developmentRegion = English;
			hasScannedForEncodings = 0;
			knownRegions = (
				en,
			);
			mainGroup = 72DDF49C1F66EFCE00B90A5C;
			productRefGroup = 72DDF4A61F66EFCE00B90A5C /* Products */;
			projectDirPath = "";
			projectRoot = "";
			targets = (
				72DDF4A41F66EFCE00B90A5C /* Longana */,
			);
		};
/* End PBXProject section */

/* Begin PBXSourcesBuildPhase section */
		72DDF4A11F66EFCE00B90A5C /* Sources */ = {
			isa = PBXSourcesBuildPhase;
			buildActionMask = 2147483647;
			files = (
				72DDF4B21F68C89200B90A5C /* Longana.cpp in Sources */,
				72DDF4A91F66EFCE00B90A5C /* main.cpp in Sources */,
				72DDF4B81F68C9DD00B90A5C /* Round.cpp in Sources */,
				72DDF4C11F68CA9D00B90A5C /* Computer.cpp in Sources */,
				72DDF4C41F68CAD900B90A5C /* Hand.cpp in Sources */,
				72DDF4B51F68C94A00B90A5C /* Tournament.cpp in Sources */,
				72DDF4BB1F68CA0900B90A5C /* Player.cpp in Sources */,
				72DDF4BE1F68CA3400B90A5C /* Human.cpp in Sources */,
				72DDF4CB1F68DA7500B90A5C /* LayoutView.cpp in Sources */,
				72DDF4C71F68CB0700B90A5C /* Stock.cpp in Sources */,
			);
			runOnlyForDeploymentPostprocessing = 0;
		};
/* End PBXSourcesBuildPhase section */

/* Begin XCBuildConfiguration section */
		72DDF4AA1F66EFCE00B90A5C /* Debug */ = {
			isa = XCBuildConfiguration;
			buildSettings = {
				ALWAYS_SEARCH_USER_PATHS = NO;
				CLANG_ANALYZER_NONNULL = YES;
				CLANG_ANALYZER_NUMBER_OBJECT_CONVERSION = YES_AGGRESSIVE;
				CLANG_CXX_LANGUAGE_STANDARD = "gnu++0x";
				CLANG_CXX_LIBRARY = "libc++";
				CLANG_ENABLE_MODULES = YES;
				CLANG_ENABLE_OBJC_ARC = YES;
				CLANG_WARN_BOOL_CONVERSION = YES;
				CLANG_WARN_CONSTANT_CONVERSION = YES;
				CLANG_WARN_DIRECT_OBJC_ISA_USAGE = YES_ERROR;
				CLANG_WARN_DOCUMENTATION_COMMENTS = YES;
				CLANG_WARN_EMPTY_BODY = YES;
				CLANG_WARN_ENUM_CONVERSION = YES;
				CLANG_WARN_INFINITE_RECURSION = YES;
				CLANG_WARN_INT_CONVERSION = YES;
				CLANG_WARN_OBJC_ROOT_CLASS = YES_ERROR;
				CLANG_WARN_SUSPICIOUS_MOVE = YES;
				CLANG_WARN_UNREACHABLE_CODE = YES;
				CLANG_WARN__DUPLICATE_METHOD_MATCH = YES;
				CODE_SIGN_IDENTITY = "-";
				COPY_PHASE_STRIP = NO;
				DEBUG_INFORMATION_FORMAT = dwarf;
				ENABLE_STRICT_OBJC_MSGSEND = YES;
				ENABLE_TESTABILITY = YES;
				GCC_C_LANGUAGE_STANDARD = gnu99;
				GCC_DYNAMIC_NO_PIC = NO;
				GCC_NO_COMMON_BLOCKS = YES;
				GCC_OPTIMIZATION_LEVEL = 0;
				GCC_PREPROCESSOR_DEFINITIONS = (
					"DEBUG=1",
					"$(inherited)",
				);
				GCC_WARN_64_TO_32_BIT_CONVERSION = YES;
				GCC_WARN_ABOUT_RETURN_TYPE = YES_ERROR;
				GCC_WARN_UNDECLARED_SELECTOR = YES;
				GCC_WARN_UNINITIALIZED_AUTOS = YES_AGGRESSIVE;
				GCC_WARN_UNUSED_FUNCTION = YES;
				GCC_WARN_UNUSED_VARIABLE = YES;
				MACOSX_DEPLOYMENT_TARGET = 10.12;
				MTL_ENABLE_DEBUG_INFO = YES;
				ONLY_ACTIVE_ARCH = YES;
				SDKROOT = macosx;
			};
			name = Debug;
		};
		72DDF4AB1F66EFCE00B90A5C /* Release */ = {
			isa = XCBuildConfiguration;
			buildSettings = {
				ALWAYS_SEARCH_USER_PATHS = NO;
				CLANG_ANALYZER_NONNULL = YES;
				CLANG_ANALYZER_NUMBER_OBJECT_CONVERSION = YES_AGGRESSIVE;
				CLANG_CXX_LANGUAGE_STANDARD = "gnu++0x";
				CLANG_CXX_LIBRARY = "libc++";
				CLANG_ENABLE_MODULES = YES;
				CLANG_ENABLE_OBJC_ARC = YES;
				CLANG_WARN_BOOL_CONVERSION = YES;
				CLANG_WARN_CONSTANT_CONVERSION = YES;
				CLANG_WARN_DIRECT_OBJC_ISA_USAGE = YES_ERROR;
				CLANG_WARN_DOCUMENTATION_COMMENTS = YES;
				CLANG_WARN_EMPTY_BODY = YES;
				CLANG_WARN_ENUM_CONVERSION = YES;
				CLANG_WARN_INFINITE_RECURSION = YES;
				CLANG_WARN_INT_CONVERSION = YES;
				CLANG_WARN_OBJC_ROOT_CLASS = YES_ERROR;
				CLANG_WARN_SUSPICIOUS_MOVE = YES;
				CLANG_WARN_UNREACHABLE_CODE = YES;
				CLANG_WARN__DUPLICATE_METHOD_MATCH = YES;
				CODE_SIGN_IDENTITY = "-";
				COPY_PHASE_STRIP = NO;
				DEBUG_INFORMATION_FORMAT = "dwarf-with-dsym";
				ENABLE_NS_ASSERTIONS = NO;
				ENABLE_STRICT_OBJC_MSGSEND = YES;
				GCC_C_LANGUAGE_STANDARD = gnu99;
				GCC_NO_COMMON_BLOCKS = YES;
				GCC_WARN_64_TO_32_BIT_CONVERSION = YES;
				GCC_WARN_ABOUT_RETURN_TYPE = YES_ERROR;
				GCC_WARN_UNDECLARED_SELECTOR = YES;
				GCC_WARN_UNINITIALIZED_AUTOS = YES_AGGRESSIVE;
				GCC_WARN_UNUSED_FUNCTION = YES;
				GCC_WARN_UNUSED_VARIABLE = YES;
				MACOSX_DEPLOYMENT_TARGET = 10.12;
				MTL_ENABLE_DEBUG_INFO = NO;
				SDKROOT = macosx;
			};
			name = Release;
		};
		72DDF4AD1F66EFCE00B90A5C /* Debug */ = {
			isa = XCBuildConfiguration;
			buildSettings = {
				PRODUCT_NAME = "$(TARGET_NAME)";
			};
			name = Debug;
		};
		72DDF4AE1F66EFCE00B90A5C /* Release */ = {
			isa = XCBuildConfiguration;
			buildSettings = {
				PRODUCT_NAME = "$(TARGET_NAME)";
			};
			name = Release;
		};
/* End XCBuildConfiguration section */

/* Begin XCConfigurationList section */
		72DDF4A01F66EFCE00B90A5C /* Build configuration list for PBXProject "Longana" */ = {
			isa = XCConfigurationList;
			buildConfigurations = (
				72DDF4AA1F66EFCE00B90A5C /* Debug */,
				72DDF4AB1F66EFCE00B90A5C /* Release */,
			);
			defaultConfigurationIsVisible = 0;
			defaultConfigurationName = Release;
		};
		72DDF4AC1F66EFCE00B90A5C /* Build configuration list for PBXNativeTarget "Longana" */ = {
			isa = XCConfigurationList;
			buildConfigurations = (
				72DDF4AD1F66EFCE00B90A5C /* Debug */,
				72DDF4AE1F66EFCE00B90A5C /* Release */,
			);
			defaultConfigurationIsVisible = 0;
		};
/* End XCConfigurationList section */
	};
	rootObject = 72DDF49D1F66EFCE00B90A5C /* Project object */;
}
